{
  "version": 4,
  "terraform_version": "1.3.5",
  "serial": 9,
  "lineage": "d1847cb5-c40d-710c-7eb3-a0f9f9f01ec6",
  "outputs": {
    "Apache-Webserver-Public-URL": {
      "value": "http://3.89.87.70",
      "type": "string"
    }
  },
  "resources": [
    {
      "module": "module.compute",
      "mode": "data",
      "type": "aws_ssm_parameter",
      "name": "webserver-ami",
      "provider": "module.compute.provider[\"registry.terraform.io/hashicorp/aws\"]",
      "instances": [
        {
          "schema_version": 0,
          "attributes": {
            "arn": "arn:aws:ssm:us-east-1::parameter/aws/service/ami-amazon-linux-latest/amzn2-ami-hvm-x86_64-gp2",
            "id": "/aws/service/ami-amazon-linux-latest/amzn2-ami-hvm-x86_64-gp2",
            "name": "/aws/service/ami-amazon-linux-latest/amzn2-ami-hvm-x86_64-gp2",
            "type": "String",
            "value": "ami-02b972fec07f1e659",
            "version": 75,
            "with_decryption": true
          },
          "sensitive_attributes": []
        }
      ]
    },
    {
      "module": "module.compute",
      "mode": "managed",
      "type": "aws_instance",
      "name": "webserver",
      "provider": "module.compute.provider[\"registry.terraform.io/hashicorp/aws\"]",
      "instances": [
        {
          "schema_version": 1,
          "attributes": {
            "ami": "ami-02b972fec07f1e659",
            "arn": "arn:aws:ec2:us-east-1:770922366577:instance/i-09f6f4c99716314dc",
            "associate_public_ip_address": true,
            "availability_zone": "us-east-1a",
            "capacity_reservation_specification": [
              {
                "capacity_reservation_preference": "open",
                "capacity_reservation_target": []
              }
            ],
            "cpu_core_count": 1,
            "cpu_threads_per_core": 1,
            "credit_specification": [
              {
                "cpu_credits": "standard"
              }
            ],
            "disable_api_termination": false,
            "ebs_block_device": [],
            "ebs_optimized": false,
            "enclave_options": [
              {
                "enabled": false
              }
            ],
            "ephemeral_block_device": [],
            "get_password_data": false,
            "hibernation": false,
            "host_id": null,
            "iam_instance_profile": "",
            "id": "i-09f6f4c99716314dc",
            "instance_initiated_shutdown_behavior": "stop",
            "instance_state": "running",
            "instance_type": "t2.micro",
            "ipv6_address_count": 0,
            "ipv6_addresses": [],
            "key_name": "webserver",
            "metadata_options": [
              {
                "http_endpoint": "enabled",
                "http_put_response_hop_limit": 1,
                "http_tokens": "optional"
              }
            ],
            "monitoring": false,
            "network_interface": [],
            "outpost_arn": "",
            "password_data": "",
            "placement_group": "",
            "primary_network_interface_id": "eni-069bead7aed0c1d56",
            "private_dns": "ip-10-0-1-72.ec2.internal",
            "private_ip": "10.0.1.72",
            "public_dns": "ec2-3-89-87-70.compute-1.amazonaws.com",
            "public_ip": "3.89.87.70",
            "root_block_device": [
              {
                "delete_on_termination": true,
                "device_name": "/dev/xvda",
                "encrypted": false,
                "iops": 100,
                "kms_key_id": "",
                "tags": {},
                "throughput": 0,
                "volume_id": "vol-020bdea50c7dd7151",
                "volume_size": 8,
                "volume_type": "gp2"
              }
            ],
            "secondary_private_ips": [],
            "security_groups": [],
            "source_dest_check": true,
            "subnet_id": "subnet-04387630cb72282a9",
            "tags": {
              "Name": "webserver_tf"
            },
            "tags_all": {
              "Name": "webserver_tf"
            },
            "tenancy": "default",
            "timeouts": null,
            "user_data": null,
            "user_data_base64": null,
            "volume_tags": null,
            "vpc_security_group_ids": [
              "sg-01d1048a237fc09bc"
            ]
          },
          "sensitive_attributes": [
            [
              {
                "type": "get_attr",
                "value": "ami"
              }
            ]
          ],
          "private": "eyJlMmJmYjczMC1lY2FhLTExZTYtOGY4OC0zNDM2M2JjN2M0YzAiOnsiY3JlYXRlIjo2MDAwMDAwMDAwMDAsImRlbGV0ZSI6MTIwMDAwMDAwMDAwMCwidXBkYXRlIjo2MDAwMDAwMDAwMDB9LCJzY2hlbWFfdmVyc2lvbiI6IjEifQ==",
          "dependencies": [
            "module.compute.aws_key_pair.aws-key",
            "module.compute.data.aws_ssm_parameter.webserver-ami",
            "module.vpc.aws_security_group.tf_public_sg",
            "module.vpc.aws_subnet.tf_public_subnet",
            "module.vpc.aws_vpc.tf_vpc",
            "module.vpc.data.aws_availability_zones.azs"
          ]
        }
      ]
    },
    {
      "module": "module.compute",
      "mode": "managed",
      "type": "aws_key_pair",
      "name": "aws-key",
      "provider": "module.compute.provider[\"registry.terraform.io/hashicorp/aws\"]",
      "instances": [
        {
          "schema_version": 1,
          "attributes": {
            "arn": "arn:aws:ec2:us-east-1:770922366577:key-pair/webserver",
            "fingerprint": "1b:d7:9a:50:5e:c8:58:e2:c3:4f:b3:f4:c0:e6:02:23",
            "id": "webserver",
            "key_name": "webserver",
            "key_name_prefix": null,
            "key_pair_id": "key-0c009951581e5a1ea",
            "public_key": "ssh-rsa AAAAB3NzaC1yc2EAAAADAQABAAABgQCyeIRhpKrOgd6vI4eGnJVj45OkSCu6DlFBLNCxM6nb7YAoHTyBLU9rMtwh1hBZFEgiQ2ZfH0IDoHNsqgcl9hEIVdB4fE+8mSbcVk+rtbx2Rd5bU1n/9Kb/YKHO6E81WrfBwC8guLRRK25ZSEj1UpGx/K3XPcnuoMe4G2ej8eN9X3w2nXvRAZ/L95+zy8rEc5rL+HUE62i54MxLoKoLYVD8EJCX500UkMTCo+2J6WKmuz0bBkAPUxU1R5ZcoprqRoXSueIrMT7zmIYKR6fP8uQ8HhvM6VP6lusH8qeVboNWRGL9+ZkNy/6K39+w5+qbw4ph/xwvWYg8fhxTvPyg7XafkzkyYOpg9nZ0hCuGQMh5Ncit8UwlUjwHLo1E5yasbOqCzEXxzyZyNo/6DXb0o2HarZ57OZthv+TMRSQ1aPIqlvf9EiqduYw/8h21kC7E7/8rhfyQGjF73LSsYK24ijt23/iu3Q340CvUJAW30miQBA7lWRPd8ZGJ6ch71l7p1pk= sense@Sensei-B",
            "tags": null,
            "tags_all": {}
          },
          "sensitive_attributes": [],
          "private": "eyJzY2hlbWFfdmVyc2lvbiI6IjEifQ=="
        }
      ]
    },
    {
      "module": "module.vpc",
      "mode": "data",
      "type": "aws_availability_zones",
      "name": "azs",
      "provider": "module.vpc.provider[\"registry.terraform.io/hashicorp/aws\"]",
      "instances": [
        {
          "schema_version": 0,
          "attributes": {
            "all_availability_zones": null,
            "exclude_names": null,
            "exclude_zone_ids": null,
            "filter": null,
            "group_names": [
              "us-east-1"
            ],
            "id": "us-east-1",
            "names": [
              "us-east-1a",
              "us-east-1b",
              "us-east-1c",
              "us-east-1d",
              "us-east-1e",
              "us-east-1f"
            ],
            "state": "available",
            "zone_ids": [
              "use1-az1",
              "use1-az2",
              "use1-az4",
              "use1-az6",
              "use1-az3",
              "use1-az5"
            ]
          },
          "sensitive_attributes": []
        }
      ]
    },
    {
      "module": "module.vpc",
      "mode": "managed",
      "type": "aws_internet_gateway",
      "name": "tf_igw",
      "provider": "module.vpc.provider[\"registry.terraform.io/hashicorp/aws\"]",
      "instances": [
        {
          "schema_version": 0,
          "attributes": {
            "arn": "arn:aws:ec2:us-east-1:770922366577:internet-gateway/igw-082bfc2e6424d92d1",
            "id": "igw-082bfc2e6424d92d1",
            "owner_id": "770922366577",
            "tags": {
              "Name": "Terraform-Gateway"
            },
            "tags_all": {
              "Name": "Terraform-Gateway"
            },
            "vpc_id": "vpc-09c25330474420279"
          },
          "sensitive_attributes": [],
          "private": "bnVsbA==",
          "dependencies": [
            "module.vpc.aws_vpc.tf_vpc"
          ]
        }
      ]
    },
    {
      "module": "module.vpc",
      "mode": "managed",
      "type": "aws_route_table",
      "name": "tf_public_route",
      "provider": "module.vpc.provider[\"registry.terraform.io/hashicorp/aws\"]",
      "instances": [
        {
          "schema_version": 0,
          "attributes": {
            "arn": "arn:aws:ec2:us-east-1:770922366577:route-table/rtb-04d089a8fa1d2b56c",
            "id": "rtb-04d089a8fa1d2b56c",
            "owner_id": "770922366577",
            "propagating_vgws": [],
            "route": [
              {
                "carrier_gateway_id": "",
                "cidr_block": "0.0.0.0/0",
                "destination_prefix_list_id": "",
                "egress_only_gateway_id": "",
                "gateway_id": "igw-082bfc2e6424d92d1",
                "instance_id": "",
                "ipv6_cidr_block": "",
                "local_gateway_id": "",
                "nat_gateway_id": "",
                "network_interface_id": "",
                "transit_gateway_id": "",
                "vpc_endpoint_id": "",
                "vpc_peering_connection_id": ""
              }
            ],
            "tags": {
              "Name": "Terraform-Public-RouteTable"
            },
            "tags_all": {
              "Name": "Terraform-Public-RouteTable"
            },
            "vpc_id": "vpc-09c25330474420279"
          },
          "sensitive_attributes": [],
          "private": "bnVsbA==",
          "dependencies": [
            "module.vpc.aws_internet_gateway.tf_igw",
            "module.vpc.aws_vpc.tf_vpc"
          ]
        }
      ]
    },
    {
      "module": "module.vpc",
      "mode": "managed",
      "type": "aws_route_table_association",
      "name": "tf_public_assoc",
      "provider": "module.vpc.provider[\"registry.terraform.io/hashicorp/aws\"]",
      "instances": [
        {
          "schema_version": 0,
          "attributes": {
            "gateway_id": null,
            "id": "rtbassoc-0fc393de672b1506d",
            "route_table_id": "rtb-04d089a8fa1d2b56c",
            "subnet_id": "subnet-04387630cb72282a9"
          },
          "sensitive_attributes": [],
          "private": "bnVsbA==",
          "dependencies": [
            "module.vpc.aws_internet_gateway.tf_igw",
            "module.vpc.aws_route_table.tf_public_route",
            "module.vpc.aws_subnet.tf_public_subnet",
            "module.vpc.aws_vpc.tf_vpc",
            "module.vpc.data.aws_availability_zones.azs"
          ]
        }
      ]
    },
    {
      "module": "module.vpc",
      "mode": "managed",
      "type": "aws_security_group",
      "name": "tf_public_sg",
      "provider": "module.vpc.provider[\"registry.terraform.io/hashicorp/aws\"]",
      "instances": [
        {
          "schema_version": 1,
          "attributes": {
            "arn": "arn:aws:ec2:us-east-1:770922366577:security-group/sg-01d1048a237fc09bc",
            "description": "Used for access to the public instances",
            "egress": [
              {
                "cidr_blocks": [
                  "0.0.0.0/0"
                ],
                "description": "",
                "from_port": 0,
                "ipv6_cidr_blocks": [],
                "prefix_list_ids": [],
                "protocol": "-1",
                "security_groups": [],
                "self": false,
                "to_port": 0
              }
            ],
            "id": "sg-01d1048a237fc09bc",
            "ingress": [
              {
                "cidr_blocks": [
                  "0.0.0.0/0"
                ],
                "description": "Allow SSH traffic",
                "from_port": 22,
                "ipv6_cidr_blocks": [],
                "prefix_list_ids": [],
                "protocol": "tcp",
                "security_groups": [],
                "self": false,
                "to_port": 22
              },
              {
                "cidr_blocks": [
                  "0.0.0.0/0"
                ],
                "description": "allow traffic from TCP/80",
                "from_port": 80,
                "ipv6_cidr_blocks": [],
                "prefix_list_ids": [],
                "protocol": "tcp",
                "security_groups": [],
                "self": false,
                "to_port": 80
              }
            ],
            "name": "tf_public_sg",
            "name_prefix": "",
            "owner_id": "770922366577",
            "revoke_rules_on_delete": false,
            "tags": {
              "Name": "Terraform-SecurityGroup"
            },
            "tags_all": {
              "Name": "Terraform-SecurityGroup"
            },
            "timeouts": null,
            "vpc_id": "vpc-09c25330474420279"
          },
          "sensitive_attributes": [],
          "private": "eyJlMmJmYjczMC1lY2FhLTExZTYtOGY4OC0zNDM2M2JjN2M0YzAiOnsiY3JlYXRlIjo2MDAwMDAwMDAwMDAsImRlbGV0ZSI6OTAwMDAwMDAwMDAwfSwic2NoZW1hX3ZlcnNpb24iOiIxIn0=",
          "dependencies": [
            "module.vpc.aws_vpc.tf_vpc"
          ]
        }
      ]
    },
    {
      "module": "module.vpc",
      "mode": "managed",
      "type": "aws_subnet",
      "name": "tf_public_subnet",
      "provider": "module.vpc.provider[\"registry.terraform.io/hashicorp/aws\"]",
      "instances": [
        {
          "schema_version": 1,
          "attributes": {
            "arn": "arn:aws:ec2:us-east-1:770922366577:subnet/subnet-04387630cb72282a9",
            "assign_ipv6_address_on_creation": false,
            "availability_zone": "us-east-1a",
            "availability_zone_id": "use1-az1",
            "cidr_block": "10.0.1.0/24",
            "customer_owned_ipv4_pool": "",
            "id": "subnet-04387630cb72282a9",
            "ipv6_cidr_block": "",
            "ipv6_cidr_block_association_id": "",
            "map_customer_owned_ip_on_launch": false,
            "map_public_ip_on_launch": false,
            "outpost_arn": "",
            "owner_id": "770922366577",
            "tags": {
              "Name": "Terraform-Subnet"
            },
            "tags_all": {
              "Name": "Terraform-Subnet"
            },
            "timeouts": null,
            "vpc_id": "vpc-09c25330474420279"
          },
          "sensitive_attributes": [],
          "private": "eyJlMmJmYjczMC1lY2FhLTExZTYtOGY4OC0zNDM2M2JjN2M0YzAiOnsiY3JlYXRlIjo2MDAwMDAwMDAwMDAsImRlbGV0ZSI6MTIwMDAwMDAwMDAwMH0sInNjaGVtYV92ZXJzaW9uIjoiMSJ9",
          "dependencies": [
            "module.vpc.aws_vpc.tf_vpc",
            "module.vpc.data.aws_availability_zones.azs"
          ]
        }
      ]
    },
    {
      "module": "module.vpc",
      "mode": "managed",
      "type": "aws_vpc",
      "name": "tf_vpc",
      "provider": "module.vpc.provider[\"registry.terraform.io/hashicorp/aws\"]",
      "instances": [
        {
          "schema_version": 1,
          "attributes": {
            "arn": "arn:aws:ec2:us-east-1:770922366577:vpc/vpc-09c25330474420279",
            "assign_generated_ipv6_cidr_block": false,
            "cidr_block": "10.0.0.0/16",
            "default_network_acl_id": "acl-098e37335cd0ac624",
            "default_route_table_id": "rtb-0794fc96c46c8f710",
            "default_security_group_id": "sg-05cf6203f76da7590",
            "dhcp_options_id": "dopt-00bf3fca7abfc8be0",
            "enable_classiclink": false,
            "enable_classiclink_dns_support": false,
            "enable_dns_hostnames": true,
            "enable_dns_support": true,
            "id": "vpc-09c25330474420279",
            "instance_tenancy": "default",
            "ipv6_association_id": "",
            "ipv6_cidr_block": "",
            "main_route_table_id": "rtb-0794fc96c46c8f710",
            "owner_id": "770922366577",
            "tags": {
              "Name": "Terraform-VPC"
            },
            "tags_all": {
              "Name": "Terraform-VPC"
            }
          },
          "sensitive_attributes": [],
          "private": "eyJzY2hlbWFfdmVyc2lvbiI6IjEifQ=="
        }
      ]
    }
  ],
  "check_results": null
}
